Microsoft Visual Studio Solution File, Format Version 11.00
# Visual Studio 2008

Project("{E63ECB0F-0F00-9CBF-30E6-8080E788D07F}") = "STARBOARD", "Assembly-Boo.booproj", "{C80070E1-261B-2DD8-52E7-7563F3E8022A}"
EndProject
Global
	GlobalSection(SolutionConfigurationPlatforms) = preSolution
		Debug|Any CPU = Debug|Any CPU
		Release|Any CPU = Release|Any CPU
	EndGlobalSection
	GlobalSection(ProjectConfigurationPlatforms) = postSolution
		{C80070E1-261B-2DD8-52E7-7563F3E8022A}.Debug|Any CPU.ActiveCfg = Debug|Any CPU
		{C80070E1-261B-2DD8-52E7-7563F3E8022A}.Debug|Any CPU.Build.0 = Debug|Any CPU
		{C80070E1-261B-2DD8-52E7-7563F3E8022A}.Release|Any CPU.ActiveCfg = Release|Any CPU
		{C80070E1-261B-2DD8-52E7-7563F3E8022A}.Release|Any CPU.Build.0 = Release|Any CPU
	EndGlobalSection
	GlobalSection(SolutionProperties) = preSolution
		HideSolutionNode = FALSE
	EndGlobalSection
	GlobalSection(MonoDevelopProperties) = preSolution
		StartupItem = Assembly-CSharp.csproj
	EndGlobalSection
EndGlobal
